Microsoft Visual Studio Solution File, Format Version 12.00
# Visual Studio 2012
Project("{FAE04EC0-301F-11D3-BF4B-00C04F79EFBC}") = "PDS", "PDS.csproj", "{FDD88431-5113-4702-9AD9-0717FAFFBFCE}"
EndProject
Global
	GlobalSection(SolutionConfigurationPlatforms) = preSolution
	Debug|Any CPU = Debug|Any CPU
	ExportDebug|Any CPU = ExportDebug|Any CPU
	ExportRelease|Any CPU = ExportRelease|Any CPU
	EndGlobalSection
	GlobalSection(ProjectConfigurationPlatforms) = postSolution
		{FDD88431-5113-4702-9AD9-0717FAFFBFCE}.Debug|Any CPU.ActiveCfg = Debug|Any CPU
		{FDD88431-5113-4702-9AD9-0717FAFFBFCE}.Debug|Any CPU.Build.0 = Debug|Any CPU
		{FDD88431-5113-4702-9AD9-0717FAFFBFCE}.ExportDebug|Any CPU.ActiveCfg = ExportDebug|Any CPU
		{FDD88431-5113-4702-9AD9-0717FAFFBFCE}.ExportDebug|Any CPU.Build.0 = ExportDebug|Any CPU
		{FDD88431-5113-4702-9AD9-0717FAFFBFCE}.ExportRelease|Any CPU.ActiveCfg = ExportRelease|Any CPU
		{FDD88431-5113-4702-9AD9-0717FAFFBFCE}.ExportRelease|Any CPU.Build.0 = ExportRelease|Any CPU
	EndGlobalSection
EndGlobal
